# This file is autogenerated, do not edit; changes may be undone by the next 'dep ensure'.


[[projects]]
  branch = "master"
  name = "github.com/bitrise-io/bitrise"
  packages = ["models"]
  revision = "aa721aa6ec38a95e9fc8a95b135402d5c99ca653"

[[projects]]
  branch = "master"
  name = "github.com/bitrise-io/envman"
  packages = ["models"]
  revision = "8437ec034b73d40a6bba2020af3eedf89e25550a"

[[projects]]
  branch = "master"
  name = "github.com/bitrise-io/go-utils"
  packages = [
    "colorstring",
    "fileutil",
    "parseutil",
    "pathutil",
    "pointers"
  ]
  revision = "2d657206204605ce3b86124c33fea53c3e380d78"

[[projects]]
  branch = "master"
  name = "github.com/bitrise-io/stepman"
  packages = ["models"]
  revision = "bf618fc92acaf08d8e1347666b4014f6b8fbcd7e"

[[projects]]
  branch = "master"
  name = "github.com/ryanuber/go-glob"
  packages = ["."]
  revision = "256dc444b735e061061cf46c809487313d5b0065"

[[projects]]
  name = "gopkg.in/yaml.v2"
  packages = ["."]
  revision = "5420a8b6744d3b0345ab293f6fcba19c978f1183"
  version = "v2.2.1"

[solve-meta]
  analyzer-name = "dep"
  analyzer-version = 1
  inputs-digest = "4bb48b67ff1233bc44bdd6835dc2b31474893408eb3c16eccb58bd2b7efe517f"
  solver-name = "gps-cdcl"
  solver-version = 1
