# This file is autogenerated, do not edit; changes may be undone by the next 'dep ensure'.


[[projects]]
  branch = "master"
  name = "github.com/bitrise-io/envman"
  packages = ["models"]
  revision = "8437ec034b73d40a6bba2020af3eedf89e25550a"

[[projects]]
  branch = "master"
  name = "github.com/bitrise-io/go-utils"
  packages = [
    "colorstring",
    "fileutil",
    "parseutil",
    "pathutil",
    "pointers"
  ]
  revision = "2d657206204605ce3b86124c33fea53c3e380d78"

[[projects]]
  name = "github.com/bitrise-io/stepman"
  packages = ["models"]
  revision = "17de21286d81cb2ca87c3f7d1714317822465b79"
  version = "0.9.36"

[[projects]]
  name = "gopkg.in/yaml.v2"
  packages = ["."]
  revision = "5420a8b6744d3b0345ab293f6fcba19c978f1183"
  version = "v2.2.1"

[solve-meta]
  analyzer-name = "dep"
  analyzer-version = 1
  inputs-digest = "64e5d87dfd0118499aaa88d487b7f58516672bd2359cb73f684de71c265d0cd7"
  solver-name = "gps-cdcl"
  solver-version = 1
